
Microsoft Visual Studio Solution File, Format Version 12.00
# Visual Studio Version 16
VisualStudioVersion = 16.0.808.8
MinimumVisualStudioVersion = 10.0.40219.1
Project("{9A19103F-16F7-4668-BE54-9A1E7A4F7556}") = "hey-url-challenge-code-dotnet", "hey-url-challenge-code-dotnet\hey-url-challenge-code-dotnet.csproj", "{C673D8C3-FE4F-465C-9457-3A9E08ADE305}"
EndProject
Project("{9A19103F-16F7-4668-BE54-9A1E7A4F7556}") = "tests", "tests\tests.csproj", "{5399632D-585A-4CA3-B9BE-A4C2559D6DEA}"
EndProject
Project("{2150E333-8FDC-42A3-9474-1A3956D46DE8}") = "Solution Items", "Solution Items", "{EEF9DBB3-847A-427F-98FE-E431729F938C}"
	ProjectSection(SolutionItems) = preProject
		CHALLENGE.md = CHALLENGE.md
		README.md = README.md
	EndProjectSection
EndProject
Project("{2150E333-8FDC-42A3-9474-1A3956D46DE8}") = "2 - Services", "2 - Services", "{16CA7C29-F434-4533-B35F-A87145FB0E6C}"
EndProject
Project("{2150E333-8FDC-42A3-9474-1A3956D46DE8}") = "1 - Presentation", "1 - Presentation", "{DF09DDDB-E1B1-45DC-AF25-240353E630A2}"
EndProject
Project("{9A19103F-16F7-4668-BE54-9A1E7A4F7556}") = "HeyUrl.Services.Api", "HeyUrl.Services.Api\HeyUrl.Services.Api.csproj", "{FF379A94-33B1-48AE-9979-4E5B68590DD8}"
EndProject
Project("{2150E333-8FDC-42A3-9474-1A3956D46DE8}") = "3 - Application", "3 - Application", "{7D4DEA71-05E8-44F8-8091-019B376311D8}"
EndProject
Project("{2150E333-8FDC-42A3-9474-1A3956D46DE8}") = "4 - Domain", "4 - Domain", "{322C4E95-4C32-45E9-A6D2-01F58027BE1E}"
EndProject
Project("{2150E333-8FDC-42A3-9474-1A3956D46DE8}") = "5 - Infra", "5 - Infra", "{9CA5475C-6038-4604-BE4E-80340E893495}"
EndProject
Project("{9A19103F-16F7-4668-BE54-9A1E7A4F7556}") = "HeyUrl.Domain", "HeyUrl.Domain\HeyUrl.Domain.csproj", "{C8612779-AA29-44DE-9B05-D01644153C85}"
EndProject
Project("{2150E333-8FDC-42A3-9474-1A3956D46DE8}") = "5.1 - Data", "5.1 - Data", "{276CB054-D489-4E22-A4E8-8D62025C5AFE}"
EndProject
Project("{2150E333-8FDC-42A3-9474-1A3956D46DE8}") = "5.2 - CrossCutting", "5.2 - CrossCutting", "{3E7D8D04-2CD7-48EE-BFF6-56697726D2A0}"
EndProject
Project("{9A19103F-16F7-4668-BE54-9A1E7A4F7556}") = "HeyUrl.Infra.Data", "HeyUrl.Infra.Data\HeyUrl.Infra.Data.csproj", "{F0C4F4C5-7334-4F22-9C68-8E2A5062CCD3}"
EndProject
Project("{FAE04EC0-301F-11D3-BF4B-00C04F79EFBC}") = "HeyUrl.Infra.CrossCutting.IoC", "HeyUrl.Infra.CrossCutting.IoC\HeyUrl.Infra.CrossCutting.IoC.csproj", "{53E1FF98-D19B-4C0C-8108-D6C4CAE9E19A}"
EndProject
Project("{FAE04EC0-301F-11D3-BF4B-00C04F79EFBC}") = "HeyUrl.Infra.CrossCutting.Common", "HeyUrl.Infra.CrossCutting.Common\HeyUrl.Infra.CrossCutting.Common.csproj", "{00019C02-5A0A-4B4B-BADE-006D28E96C26}"
EndProject
Global
	GlobalSection(SolutionConfigurationPlatforms) = preSolution
		Debug|Any CPU = Debug|Any CPU
		Release|Any CPU = Release|Any CPU
	EndGlobalSection
	GlobalSection(ProjectConfigurationPlatforms) = postSolution
		{C673D8C3-FE4F-465C-9457-3A9E08ADE305}.Debug|Any CPU.ActiveCfg = Debug|Any CPU
		{C673D8C3-FE4F-465C-9457-3A9E08ADE305}.Debug|Any CPU.Build.0 = Debug|Any CPU
		{C673D8C3-FE4F-465C-9457-3A9E08ADE305}.Release|Any CPU.ActiveCfg = Release|Any CPU
		{C673D8C3-FE4F-465C-9457-3A9E08ADE305}.Release|Any CPU.Build.0 = Release|Any CPU
		{5399632D-585A-4CA3-B9BE-A4C2559D6DEA}.Debug|Any CPU.ActiveCfg = Debug|Any CPU
		{5399632D-585A-4CA3-B9BE-A4C2559D6DEA}.Debug|Any CPU.Build.0 = Debug|Any CPU
		{5399632D-585A-4CA3-B9BE-A4C2559D6DEA}.Release|Any CPU.ActiveCfg = Release|Any CPU
		{5399632D-585A-4CA3-B9BE-A4C2559D6DEA}.Release|Any CPU.Build.0 = Release|Any CPU
		{FF379A94-33B1-48AE-9979-4E5B68590DD8}.Debug|Any CPU.ActiveCfg = Debug|Any CPU
		{FF379A94-33B1-48AE-9979-4E5B68590DD8}.Debug|Any CPU.Build.0 = Debug|Any CPU
		{FF379A94-33B1-48AE-9979-4E5B68590DD8}.Release|Any CPU.ActiveCfg = Release|Any CPU
		{FF379A94-33B1-48AE-9979-4E5B68590DD8}.Release|Any CPU.Build.0 = Release|Any CPU
		{C8612779-AA29-44DE-9B05-D01644153C85}.Debug|Any CPU.ActiveCfg = Debug|Any CPU
		{C8612779-AA29-44DE-9B05-D01644153C85}.Debug|Any CPU.Build.0 = Debug|Any CPU
		{C8612779-AA29-44DE-9B05-D01644153C85}.Release|Any CPU.ActiveCfg = Release|Any CPU
		{C8612779-AA29-44DE-9B05-D01644153C85}.Release|Any CPU.Build.0 = Release|Any CPU
		{F0C4F4C5-7334-4F22-9C68-8E2A5062CCD3}.Debug|Any CPU.ActiveCfg = Debug|Any CPU
		{F0C4F4C5-7334-4F22-9C68-8E2A5062CCD3}.Debug|Any CPU.Build.0 = Debug|Any CPU
		{F0C4F4C5-7334-4F22-9C68-8E2A5062CCD3}.Release|Any CPU.ActiveCfg = Release|Any CPU
		{F0C4F4C5-7334-4F22-9C68-8E2A5062CCD3}.Release|Any CPU.Build.0 = Release|Any CPU
		{53E1FF98-D19B-4C0C-8108-D6C4CAE9E19A}.Debug|Any CPU.ActiveCfg = Debug|Any CPU
		{53E1FF98-D19B-4C0C-8108-D6C4CAE9E19A}.Debug|Any CPU.Build.0 = Debug|Any CPU
		{53E1FF98-D19B-4C0C-8108-D6C4CAE9E19A}.Release|Any CPU.ActiveCfg = Release|Any CPU
		{53E1FF98-D19B-4C0C-8108-D6C4CAE9E19A}.Release|Any CPU.Build.0 = Release|Any CPU
		{00019C02-5A0A-4B4B-BADE-006D28E96C26}.Debug|Any CPU.ActiveCfg = Debug|Any CPU
		{00019C02-5A0A-4B4B-BADE-006D28E96C26}.Debug|Any CPU.Build.0 = Debug|Any CPU
		{00019C02-5A0A-4B4B-BADE-006D28E96C26}.Release|Any CPU.ActiveCfg = Release|Any CPU
		{00019C02-5A0A-4B4B-BADE-006D28E96C26}.Release|Any CPU.Build.0 = Release|Any CPU
	EndGlobalSection
	GlobalSection(SolutionProperties) = preSolution
		HideSolutionNode = FALSE
	EndGlobalSection
	GlobalSection(NestedProjects) = preSolution
		{FF379A94-33B1-48AE-9979-4E5B68590DD8} = {16CA7C29-F434-4533-B35F-A87145FB0E6C}
		{C8612779-AA29-44DE-9B05-D01644153C85} = {322C4E95-4C32-45E9-A6D2-01F58027BE1E}
		{276CB054-D489-4E22-A4E8-8D62025C5AFE} = {9CA5475C-6038-4604-BE4E-80340E893495}
		{3E7D8D04-2CD7-48EE-BFF6-56697726D2A0} = {9CA5475C-6038-4604-BE4E-80340E893495}
		{F0C4F4C5-7334-4F22-9C68-8E2A5062CCD3} = {276CB054-D489-4E22-A4E8-8D62025C5AFE}
		{53E1FF98-D19B-4C0C-8108-D6C4CAE9E19A} = {3E7D8D04-2CD7-48EE-BFF6-56697726D2A0}
		{00019C02-5A0A-4B4B-BADE-006D28E96C26} = {3E7D8D04-2CD7-48EE-BFF6-56697726D2A0}
	EndGlobalSection
	GlobalSection(ExtensibilityGlobals) = postSolution
		SolutionGuid = {55DBE199-5033-4095-A89D-B2255A026430}
	EndGlobalSection
EndGlobal
